
Microsoft Visual Studio Solution File, Format Version 12.00
# Visual Studio Version 17
VisualStudioVersion = 17.11.35303.130
MinimumVisualStudioVersion = 10.0.40219.1
Project("{FAE04EC0-301F-11D3-BF4B-00C04F79EFBC}") = "MvcPhoneStore", "MvcPhoneStore\MvcPhoneStore.csproj", "{ED5AD92D-BD90-483D-9EEE-DF33F2B8A74E}"
EndProject
Global
	GlobalSection(SolutionConfigurationPlatforms) = preSolution
		Debug|Any CPU = Debug|Any CPU
		Release|Any CPU = Release|Any CPU
	EndGlobalSection
	GlobalSection(ProjectConfigurationPlatforms) = postSolution
		{ED5AD92D-BD90-483D-9EEE-DF33F2B8A74E}.Debug|Any CPU.ActiveCfg = Debug|Any CPU
		{ED5AD92D-BD90-483D-9EEE-DF33F2B8A74E}.Debug|Any CPU.Build.0 = Debug|Any CPU
		{ED5AD92D-BD90-483D-9EEE-DF33F2B8A74E}.Release|Any CPU.ActiveCfg = Release|Any CPU
		{ED5AD92D-BD90-483D-9EEE-DF33F2B8A74E}.Release|Any CPU.Build.0 = Release|Any CPU
	EndGlobalSection
	GlobalSection(SolutionProperties) = preSolution
		HideSolutionNode = FALSE
	EndGlobalSection
	GlobalSection(ExtensibilityGlobals) = postSolution
		SolutionGuid = {331DD641-40C3-4A67-9C19-6E8669F24C5C}
	EndGlobalSection
EndGlobal
